
Microsoft Visual Studio Solution File, Format Version 12.00
# Visual Studio Version 16
VisualStudioVersion = 16.0.30717.126
MinimumVisualStudioVersion = 10.0.40219.1
Project("{FAE04EC0-301F-11D3-BF4B-00C04F79EFBC}") = "aoc2k20", "aoc2k20.csproj", "{90E4D206-06E3-408E-B6EF-E44D05F9D891}"
EndProject
Global
	GlobalSection(SolutionConfigurationPlatforms) = preSolution
		Debug|Any CPU = Debug|Any CPU
		Release|Any CPU = Release|Any CPU
	EndGlobalSection
	GlobalSection(ProjectConfigurationPlatforms) = postSolution
		{90E4D206-06E3-408E-B6EF-E44D05F9D891}.Debug|Any CPU.ActiveCfg = Debug|Any CPU
		{90E4D206-06E3-408E-B6EF-E44D05F9D891}.Debug|Any CPU.Build.0 = Debug|Any CPU
		{90E4D206-06E3-408E-B6EF-E44D05F9D891}.Release|Any CPU.ActiveCfg = Release|Any CPU
		{90E4D206-06E3-408E-B6EF-E44D05F9D891}.Release|Any CPU.Build.0 = Release|Any CPU
	EndGlobalSection
	GlobalSection(SolutionProperties) = preSolution
		HideSolutionNode = FALSE
	EndGlobalSection
	GlobalSection(ExtensibilityGlobals) = postSolution
		SolutionGuid = {38F17B9F-8C0A-4E7F-B0B0-9E51295CA855}
	EndGlobalSection
EndGlobal
